
Microsoft Visual Studio Solution File, Format Version 12.00
# Visual Studio Version 17
VisualStudioVersion = 17.0.31903.59
MinimumVisualStudioVersion = 10.0.40219.1
Project("{2150E333-8FDC-42A3-9474-1A3956D46DE8}") = "src", "src", "{A5F97449-DA3D-494C-9EE1-1CF67CD73C9E}"
EndProject
Project("{2150E333-8FDC-42A3-9474-1A3956D46DE8}") = "Bootstrapper", "Bootstrapper", "{1B8A674C-7C02-468C-B260-E76288DDD11A}"
EndProject
Project("{FAE04EC0-301F-11D3-BF4B-00C04F79EFBC}") = "Koncertomaniak.Api.Bootstrapper", "src\Bootstrapper\Koncertomaniak.Api.Bootstrapper\Koncertomaniak.Api.Bootstrapper.csproj", "{2FAB6BFF-3351-45EE-B26B-DEE287C5CDE4}"
EndProject
Project("{2150E333-8FDC-42A3-9474-1A3956D46DE8}") = "Shared", "Shared", "{5D72FE54-0926-4893-9FB0-E4C1D7AD4301}"
EndProject
Project("{FAE04EC0-301F-11D3-BF4B-00C04F79EFBC}") = "Koncertomaniak.Api.Shared.Abstractions", "src\Shared\Koncertomaniak.Api.Shared.Abstractions\Koncertomaniak.Api.Shared.Abstractions.csproj", "{443AD8B2-9D2D-4D92-BFF4-99459FE3B808}"
EndProject
Project("{FAE04EC0-301F-11D3-BF4B-00C04F79EFBC}") = "Koncertomaniak.Api.Shared.Infrastructure", "src\Shared\Koncertomaniak.Api.Shared.Infrastructure\Koncertomaniak.Api.Shared.Infrastructure.csproj", "{0DCD0F82-D9C6-4EBC-9ABF-EE3684ED9A8E}"
EndProject
Project("{2150E333-8FDC-42A3-9474-1A3956D46DE8}") = "test", "test", "{0CB293A3-F887-4E68-82A2-32E198D5A9A6}"
EndProject
Project("{FAE04EC0-301F-11D3-BF4B-00C04F79EFBC}") = "Koncertomaniak.Api.IntegrationTests", "test\Koncertomaniak.Api.IntegrationTests\Koncertomaniak.Api.IntegrationTests.csproj", "{6E2AB750-5E61-401D-847E-0EC87CFA518B}"
EndProject
Project("{FAE04EC0-301F-11D3-BF4B-00C04F79EFBC}") = "Koncertomaniak.Api.UnitTests", "test\Koncertomaniak.Api.UnitTests\Koncertomaniak.Api.UnitTests.csproj", "{9C799247-F702-43AB-88FF-7FDA8E3291B5}"
EndProject
Project("{2150E333-8FDC-42A3-9474-1A3956D46DE8}") = "Modules", "Modules", "{53E10DE1-00EC-4DA8-8C22-56C7F2D88973}"
EndProject
Project("{2150E333-8FDC-42A3-9474-1A3956D46DE8}") = "Event", "Event", "{648F0054-B6F5-443E-993F-7EB9F0554396}"
EndProject
Project("{FAE04EC0-301F-11D3-BF4B-00C04F79EFBC}") = "Koncertomaniak.Api.Module.Event.Api", "src\Modules\Event\Koncertomaniak.Api.Module.Event.Api\Koncertomaniak.Api.Module.Event.Api.csproj", "{07F26663-8913-409B-A588-9A3EBAC36B49}"
EndProject
Project("{FAE04EC0-301F-11D3-BF4B-00C04F79EFBC}") = "Koncertomaniak.Api.Module.Event.Core", "src\Modules\Event\Koncertomaniak.Api.Module.Event.Core\Koncertomaniak.Api.Module.Event.Core.csproj", "{62AC8548-A63E-47E7-AB4B-5CF7C5E1002C}"
EndProject
Project("{FAE04EC0-301F-11D3-BF4B-00C04F79EFBC}") = "Koncertomaniak.Api.Module.Event.Application", "src\Modules\Event\Koncertomaniak.Api.Module.Event.Application\Koncertomaniak.Api.Module.Event.Application.csproj", "{CBDF85BA-BD27-41F6-8018-0BA7F1614502}"
EndProject
Project("{FAE04EC0-301F-11D3-BF4B-00C04F79EFBC}") = "Koncertomaniak.Api.Module.Event.Infrastructure", "src\Modules\Event\Koncertomaniak.Api.Module.Event.Infrastructure\Koncertomaniak.Api.Module.Event.Infrastructure.csproj", "{3A7B1310-DC0D-4BF1-9EFC-E9CB63AB1F4D}"
EndProject
Project("{2150E333-8FDC-42A3-9474-1A3956D46DE8}") = "Ticket", "Ticket", "{78A0D2A7-BE95-4EBB-BF9E-BDC8E548AAC3}"
EndProject
Project("{FAE04EC0-301F-11D3-BF4B-00C04F79EFBC}") = "Koncertomaniak.Api.Module.Ticket.Api", "src\Modules\Ticket\Koncertomaniak.Api.Module.Ticket.Api\Koncertomaniak.Api.Module.Ticket.Api.csproj", "{0E71467D-ECD8-437B-8E46-67FEB8267BA4}"
EndProject
Project("{FAE04EC0-301F-11D3-BF4B-00C04F79EFBC}") = "Koncertomaniak.Api.Module.Ticket.Core", "src\Modules\Ticket\Koncertomaniak.Api.Module.Ticket.Core\Koncertomaniak.Api.Module.Ticket.Core.csproj", "{36E9D0A7-BB7F-406A-8EFF-D605373C4F64}"
EndProject
Project("{FAE04EC0-301F-11D3-BF4B-00C04F79EFBC}") = "Koncertomaniak.Api.Module.Ticket.Application", "src\Modules\Ticket\Koncertomaniak.Api.Module.Ticket.Application\Koncertomaniak.Api.Module.Ticket.Application.csproj", "{FF67F438-52CD-4750-8610-B48939071AD2}"
EndProject
Project("{FAE04EC0-301F-11D3-BF4B-00C04F79EFBC}") = "Koncertomaniak.Api.Module.Ticket.Infrastructure", "src\Modules\Ticket\Koncertomaniak.Api.Module.Ticket.Infrastructure\Koncertomaniak.Api.Module.Ticket.Infrastructure.csproj", "{E9C040ED-B810-41A3-96FA-4DC836C6147F}"
EndProject
Project("{2150E333-8FDC-42A3-9474-1A3956D46DE8}") = "Auth", "Auth", "{CEB8DA4C-AC78-4F81-A188-1EE14F2BF4FF}"
EndProject
Project("{FAE04EC0-301F-11D3-BF4B-00C04F79EFBC}") = "Koncertomaniak.Api.Module.Auth.Api", "src\Modules\Auth\Koncertomaniak.Api.Module.Auth.Api\Koncertomaniak.Api.Module.Auth.Api.csproj", "{B94B22A2-36EF-4233-ABD1-35CC42E87303}"
EndProject
Project("{FAE04EC0-301F-11D3-BF4B-00C04F79EFBC}") = "Koncertomaniak.Api.Module.Auth.Core", "src\Modules\Auth\Koncertomaniak.Api.Module.Auth.Core\Koncertomaniak.Api.Module.Auth.Core.csproj", "{32053682-8136-46A5-A625-493A340567AE}"
EndProject
Project("{FAE04EC0-301F-11D3-BF4B-00C04F79EFBC}") = "Koncertomaniak.Api.Module.Auth.Application", "src\Modules\Auth\Koncertomaniak.Api.Module.Auth.Application\Koncertomaniak.Api.Module.Auth.Application.csproj", "{5569889A-58D4-4B66-86FC-6CC00C432845}"
EndProject
Project("{FAE04EC0-301F-11D3-BF4B-00C04F79EFBC}") = "Koncertomaniak.Api.Module.Auth.Infrastructure", "src\Modules\Auth\Koncertomaniak.Api.Module.Auth.Infrastructure\Koncertomaniak.Api.Module.Auth.Infrastructure.csproj", "{C4784C34-5E38-4FD5-92F5-87D33B14C172}"
EndProject
Global
	GlobalSection(SolutionConfigurationPlatforms) = preSolution
		Debug|Any CPU = Debug|Any CPU
		Release|Any CPU = Release|Any CPU
	EndGlobalSection
	GlobalSection(SolutionProperties) = preSolution
		HideSolutionNode = FALSE
	EndGlobalSection
	GlobalSection(ProjectConfigurationPlatforms) = postSolution
		{2FAB6BFF-3351-45EE-B26B-DEE287C5CDE4}.Debug|Any CPU.ActiveCfg = Debug|Any CPU
		{2FAB6BFF-3351-45EE-B26B-DEE287C5CDE4}.Debug|Any CPU.Build.0 = Debug|Any CPU
		{2FAB6BFF-3351-45EE-B26B-DEE287C5CDE4}.Release|Any CPU.ActiveCfg = Release|Any CPU
		{2FAB6BFF-3351-45EE-B26B-DEE287C5CDE4}.Release|Any CPU.Build.0 = Release|Any CPU
		{443AD8B2-9D2D-4D92-BFF4-99459FE3B808}.Debug|Any CPU.ActiveCfg = Debug|Any CPU
		{443AD8B2-9D2D-4D92-BFF4-99459FE3B808}.Debug|Any CPU.Build.0 = Debug|Any CPU
		{443AD8B2-9D2D-4D92-BFF4-99459FE3B808}.Release|Any CPU.ActiveCfg = Release|Any CPU
		{443AD8B2-9D2D-4D92-BFF4-99459FE3B808}.Release|Any CPU.Build.0 = Release|Any CPU
		{0DCD0F82-D9C6-4EBC-9ABF-EE3684ED9A8E}.Debug|Any CPU.ActiveCfg = Debug|Any CPU
		{0DCD0F82-D9C6-4EBC-9ABF-EE3684ED9A8E}.Debug|Any CPU.Build.0 = Debug|Any CPU
		{0DCD0F82-D9C6-4EBC-9ABF-EE3684ED9A8E}.Release|Any CPU.ActiveCfg = Release|Any CPU
		{0DCD0F82-D9C6-4EBC-9ABF-EE3684ED9A8E}.Release|Any CPU.Build.0 = Release|Any CPU
		{6E2AB750-5E61-401D-847E-0EC87CFA518B}.Debug|Any CPU.ActiveCfg = Debug|Any CPU
		{6E2AB750-5E61-401D-847E-0EC87CFA518B}.Debug|Any CPU.Build.0 = Debug|Any CPU
		{6E2AB750-5E61-401D-847E-0EC87CFA518B}.Release|Any CPU.ActiveCfg = Release|Any CPU
		{6E2AB750-5E61-401D-847E-0EC87CFA518B}.Release|Any CPU.Build.0 = Release|Any CPU
		{9C799247-F702-43AB-88FF-7FDA8E3291B5}.Debug|Any CPU.ActiveCfg = Debug|Any CPU
		{9C799247-F702-43AB-88FF-7FDA8E3291B5}.Debug|Any CPU.Build.0 = Debug|Any CPU
		{9C799247-F702-43AB-88FF-7FDA8E3291B5}.Release|Any CPU.ActiveCfg = Release|Any CPU
		{9C799247-F702-43AB-88FF-7FDA8E3291B5}.Release|Any CPU.Build.0 = Release|Any CPU
		{07F26663-8913-409B-A588-9A3EBAC36B49}.Debug|Any CPU.ActiveCfg = Debug|Any CPU
		{07F26663-8913-409B-A588-9A3EBAC36B49}.Debug|Any CPU.Build.0 = Debug|Any CPU
		{07F26663-8913-409B-A588-9A3EBAC36B49}.Release|Any CPU.ActiveCfg = Release|Any CPU
		{07F26663-8913-409B-A588-9A3EBAC36B49}.Release|Any CPU.Build.0 = Release|Any CPU
		{62AC8548-A63E-47E7-AB4B-5CF7C5E1002C}.Debug|Any CPU.ActiveCfg = Debug|Any CPU
		{62AC8548-A63E-47E7-AB4B-5CF7C5E1002C}.Debug|Any CPU.Build.0 = Debug|Any CPU
		{62AC8548-A63E-47E7-AB4B-5CF7C5E1002C}.Release|Any CPU.ActiveCfg = Release|Any CPU
		{62AC8548-A63E-47E7-AB4B-5CF7C5E1002C}.Release|Any CPU.Build.0 = Release|Any CPU
		{CBDF85BA-BD27-41F6-8018-0BA7F1614502}.Debug|Any CPU.ActiveCfg = Debug|Any CPU
		{CBDF85BA-BD27-41F6-8018-0BA7F1614502}.Debug|Any CPU.Build.0 = Debug|Any CPU
		{CBDF85BA-BD27-41F6-8018-0BA7F1614502}.Release|Any CPU.ActiveCfg = Release|Any CPU
		{CBDF85BA-BD27-41F6-8018-0BA7F1614502}.Release|Any CPU.Build.0 = Release|Any CPU
		{3A7B1310-DC0D-4BF1-9EFC-E9CB63AB1F4D}.Debug|Any CPU.ActiveCfg = Debug|Any CPU
		{3A7B1310-DC0D-4BF1-9EFC-E9CB63AB1F4D}.Debug|Any CPU.Build.0 = Debug|Any CPU
		{3A7B1310-DC0D-4BF1-9EFC-E9CB63AB1F4D}.Release|Any CPU.ActiveCfg = Release|Any CPU
		{3A7B1310-DC0D-4BF1-9EFC-E9CB63AB1F4D}.Release|Any CPU.Build.0 = Release|Any CPU
		{0E71467D-ECD8-437B-8E46-67FEB8267BA4}.Debug|Any CPU.ActiveCfg = Debug|Any CPU
		{0E71467D-ECD8-437B-8E46-67FEB8267BA4}.Debug|Any CPU.Build.0 = Debug|Any CPU
		{0E71467D-ECD8-437B-8E46-67FEB8267BA4}.Release|Any CPU.ActiveCfg = Release|Any CPU
		{0E71467D-ECD8-437B-8E46-67FEB8267BA4}.Release|Any CPU.Build.0 = Release|Any CPU
		{36E9D0A7-BB7F-406A-8EFF-D605373C4F64}.Debug|Any CPU.ActiveCfg = Debug|Any CPU
		{36E9D0A7-BB7F-406A-8EFF-D605373C4F64}.Debug|Any CPU.Build.0 = Debug|Any CPU
		{36E9D0A7-BB7F-406A-8EFF-D605373C4F64}.Release|Any CPU.ActiveCfg = Release|Any CPU
		{36E9D0A7-BB7F-406A-8EFF-D605373C4F64}.Release|Any CPU.Build.0 = Release|Any CPU
		{FF67F438-52CD-4750-8610-B48939071AD2}.Debug|Any CPU.ActiveCfg = Debug|Any CPU
		{FF67F438-52CD-4750-8610-B48939071AD2}.Debug|Any CPU.Build.0 = Debug|Any CPU
		{FF67F438-52CD-4750-8610-B48939071AD2}.Release|Any CPU.ActiveCfg = Release|Any CPU
		{FF67F438-52CD-4750-8610-B48939071AD2}.Release|Any CPU.Build.0 = Release|Any CPU
		{E9C040ED-B810-41A3-96FA-4DC836C6147F}.Debug|Any CPU.ActiveCfg = Debug|Any CPU
		{E9C040ED-B810-41A3-96FA-4DC836C6147F}.Debug|Any CPU.Build.0 = Debug|Any CPU
		{E9C040ED-B810-41A3-96FA-4DC836C6147F}.Release|Any CPU.ActiveCfg = Release|Any CPU
		{E9C040ED-B810-41A3-96FA-4DC836C6147F}.Release|Any CPU.Build.0 = Release|Any CPU
		{B94B22A2-36EF-4233-ABD1-35CC42E87303}.Debug|Any CPU.ActiveCfg = Debug|Any CPU
		{B94B22A2-36EF-4233-ABD1-35CC42E87303}.Debug|Any CPU.Build.0 = Debug|Any CPU
		{B94B22A2-36EF-4233-ABD1-35CC42E87303}.Release|Any CPU.ActiveCfg = Release|Any CPU
		{B94B22A2-36EF-4233-ABD1-35CC42E87303}.Release|Any CPU.Build.0 = Release|Any CPU
		{32053682-8136-46A5-A625-493A340567AE}.Debug|Any CPU.ActiveCfg = Debug|Any CPU
		{32053682-8136-46A5-A625-493A340567AE}.Debug|Any CPU.Build.0 = Debug|Any CPU
		{32053682-8136-46A5-A625-493A340567AE}.Release|Any CPU.ActiveCfg = Release|Any CPU
		{32053682-8136-46A5-A625-493A340567AE}.Release|Any CPU.Build.0 = Release|Any CPU
		{5569889A-58D4-4B66-86FC-6CC00C432845}.Debug|Any CPU.ActiveCfg = Debug|Any CPU
		{5569889A-58D4-4B66-86FC-6CC00C432845}.Debug|Any CPU.Build.0 = Debug|Any CPU
		{5569889A-58D4-4B66-86FC-6CC00C432845}.Release|Any CPU.ActiveCfg = Release|Any CPU
		{5569889A-58D4-4B66-86FC-6CC00C432845}.Release|Any CPU.Build.0 = Release|Any CPU
		{C4784C34-5E38-4FD5-92F5-87D33B14C172}.Debug|Any CPU.ActiveCfg = Debug|Any CPU
		{C4784C34-5E38-4FD5-92F5-87D33B14C172}.Debug|Any CPU.Build.0 = Debug|Any CPU
		{C4784C34-5E38-4FD5-92F5-87D33B14C172}.Release|Any CPU.ActiveCfg = Release|Any CPU
		{C4784C34-5E38-4FD5-92F5-87D33B14C172}.Release|Any CPU.Build.0 = Release|Any CPU
	EndGlobalSection
	GlobalSection(NestedProjects) = preSolution
		{1B8A674C-7C02-468C-B260-E76288DDD11A} = {A5F97449-DA3D-494C-9EE1-1CF67CD73C9E}
		{2FAB6BFF-3351-45EE-B26B-DEE287C5CDE4} = {1B8A674C-7C02-468C-B260-E76288DDD11A}
		{5D72FE54-0926-4893-9FB0-E4C1D7AD4301} = {A5F97449-DA3D-494C-9EE1-1CF67CD73C9E}
		{443AD8B2-9D2D-4D92-BFF4-99459FE3B808} = {5D72FE54-0926-4893-9FB0-E4C1D7AD4301}
		{0DCD0F82-D9C6-4EBC-9ABF-EE3684ED9A8E} = {5D72FE54-0926-4893-9FB0-E4C1D7AD4301}
		{6E2AB750-5E61-401D-847E-0EC87CFA518B} = {0CB293A3-F887-4E68-82A2-32E198D5A9A6}
		{9C799247-F702-43AB-88FF-7FDA8E3291B5} = {0CB293A3-F887-4E68-82A2-32E198D5A9A6}
		{53E10DE1-00EC-4DA8-8C22-56C7F2D88973} = {A5F97449-DA3D-494C-9EE1-1CF67CD73C9E}
		{648F0054-B6F5-443E-993F-7EB9F0554396} = {53E10DE1-00EC-4DA8-8C22-56C7F2D88973}
		{07F26663-8913-409B-A588-9A3EBAC36B49} = {648F0054-B6F5-443E-993F-7EB9F0554396}
		{62AC8548-A63E-47E7-AB4B-5CF7C5E1002C} = {648F0054-B6F5-443E-993F-7EB9F0554396}
		{CBDF85BA-BD27-41F6-8018-0BA7F1614502} = {648F0054-B6F5-443E-993F-7EB9F0554396}
		{3A7B1310-DC0D-4BF1-9EFC-E9CB63AB1F4D} = {648F0054-B6F5-443E-993F-7EB9F0554396}
		{78A0D2A7-BE95-4EBB-BF9E-BDC8E548AAC3} = {53E10DE1-00EC-4DA8-8C22-56C7F2D88973}
		{0E71467D-ECD8-437B-8E46-67FEB8267BA4} = {78A0D2A7-BE95-4EBB-BF9E-BDC8E548AAC3}
		{36E9D0A7-BB7F-406A-8EFF-D605373C4F64} = {78A0D2A7-BE95-4EBB-BF9E-BDC8E548AAC3}
		{FF67F438-52CD-4750-8610-B48939071AD2} = {78A0D2A7-BE95-4EBB-BF9E-BDC8E548AAC3}
		{E9C040ED-B810-41A3-96FA-4DC836C6147F} = {78A0D2A7-BE95-4EBB-BF9E-BDC8E548AAC3}
		{CEB8DA4C-AC78-4F81-A188-1EE14F2BF4FF} = {53E10DE1-00EC-4DA8-8C22-56C7F2D88973}
		{B94B22A2-36EF-4233-ABD1-35CC42E87303} = {CEB8DA4C-AC78-4F81-A188-1EE14F2BF4FF}
		{32053682-8136-46A5-A625-493A340567AE} = {CEB8DA4C-AC78-4F81-A188-1EE14F2BF4FF}
		{5569889A-58D4-4B66-86FC-6CC00C432845} = {CEB8DA4C-AC78-4F81-A188-1EE14F2BF4FF}
		{C4784C34-5E38-4FD5-92F5-87D33B14C172} = {CEB8DA4C-AC78-4F81-A188-1EE14F2BF4FF}
	EndGlobalSection
EndGlobal
